# This file is automatically @generated by Cargo.
# It is not intended for manual editing.
version = 4

[[package]]
name = "ntalloc"
version = "0.1.0"
dependencies = [
 "ntapi",
]

[[package]]
name = "ntapi"
version = "0.1.0"

[[package]]
name = "nthook"
version = "0.1.0"
dependencies = [
 "ntapi",
]
